dependencies:
- name: grafana
  repository: https://grafana-community.github.io/helm-charts
  version: 12.8.0
- name: loki
  repository: https://grafana-community.github.io/helm-charts
  version: 18.13.4
- name: alloy
  repository: https://grafana.github.io/helm-charts
  version: 1.12.1
digest: sha256:ef14214907840ca0821c0d4062267efb517e50b581703be221e3dc1b7eb36d36
generated: "2026-09-22T19:39:13.628591308+03:00"
