dependencies:
- name: grafana
  repository: https://grafana-community.github.io/helm-charts
  version: 12.8.0
- name: loki
  repository: https://grafana-community.github.io/helm-charts
  version: 18.13.4
- name: alloy
  repository: https://grafana.github.io/helm-charts
  version: 1.12.1
- name: jaeger
  repository: https://jaegertracing.github.io/helm-charts
  version: 4.14.0
digest: sha256:9532b73617376d443640a02f6e29bb94da3a78b6fae8774f29f716ad99d9e2fd
generated: "2026-09-25T13:09:26.566918325+03:00"
